lockfileVersion: '9.0'

settings:
  autoInstallPeers: true
  excludeLinksFromLockfile: false

importers:

  .:
    dependencies:
      discord-dependless:
        specifier: 10.0.0-alpha.6
        version: 10.0.0-alpha.6
      fast-xml-parser:
        specifier: ^5.2.5
        version: 5.2.5
    devDependencies:
      '@types/deno':
        specifier: ^2.3.0
        version: 2.3.0
      oxlint:
        specifier: ^0.16.11
        version: 0.16.11
      rolldown:
        specifier: 1.0.0-beta.14-commit.12b8061
        version: 1.0.0-beta.14-commit.12b8061
      rolldown-plugin-dts:
        specifier: ^0.13.13
        version: 0.13.13(rolldown@1.0.0-beta.14-commit.12b8061)

packages:

  '@babel/generator@7.28.0':
    resolution: {integrity: sha512-lJjzvrbEeWrhB4P3QBsH7tey117PjLZnDbLiQEKjQ/fNJTjuq4HSqgFA+UNSwZT8D7dxxbnuSBMsa1lrWzKlQg==}
    engines: {node: '>=6.9.0'}

  '@babel/helper-string-parser@7.27.1':
    resolution: {integrity: sha512-qMlSxKbpRlAridDExk92nSobyDdpPijUq2DW6oDnUqd0iOGxmQjyqhMIihI9+zv4LPyZdRje2cavWPbCbWm3eA==}
    engines: {node: '>=6.9.0'}

  '@babel/helper-validator-identifier@7.27.1':
    resolution: {integrity: sha512-D2hP9eA+Sqx1kBZgzxZh0y1trbuU+JoDkiEwqhQ36nodYqJwyEIhPSdMNd7lOm/4io72luTPWH20Yda0xOuUow==}
    engines: {node: '>=6.9.0'}

  '@babel/parser@7.28.0':
    resolution: {integrity: sha512-jVZGvOxOuNSsuQuLRTh13nU0AogFlw32w/MT+LV6D3sP5WdbW61E77RnkbaO2dUvmPAYrBDJXGn5gGS6tH4j8g==}
    engines: {node: '>=6.0.0'}
    hasBin: true

  '@babel/types@7.28.0':
    resolution: {integrity: sha512-jYnje+JyZG5YThjHiF28oT4SIZLnYOcSBb6+SDaFIyzDVSkXQmQQYclJ2R+YxcdmK0AX6x1E5OQNtuh3jHDrUg==}
    engines: {node: '>=6.9.0'}

  '@emnapi/core@1.4.3':
    resolution: {integrity: sha512-4m62DuCE07lw01soJwPiBGC0nAww0Q+RY70VZ+n49yDIO13yyinhbWCeNnaob0lakDtWQzSdtNWzJeOJt2ma+g==}

  '@emnapi/runtime@1.4.3':
    resolution: {integrity: sha512-pBPWdu6MLKROBX05wSNKcNb++m5Er+KQ9QkB+WVM+pW2Kx9hoSrVTnu3BdkI5eBLZoKu/J6mW/B6i6bJB2ytXQ==}

  '@emnapi/wasi-threads@1.0.2':
    resolution: {integrity: sha512-5n3nTJblwRi8LlXkJ9eBzu+kZR8Yxcc7ubakyQTFzPMtIhFpUBRbsnc2Dv88IZDIbCDlBiWrknhB4Lsz7mg6BA==}

  '@jridgewell/gen-mapping@0.3.12':
    resolution: {integrity: sha512-OuLGC46TjB5BbN1dH8JULVVZY4WTdkF7tV9Ys6wLL1rubZnCMstOhNHueU5bLCrnRuDhKPDM4g6sw4Bel5Gzqg==}

  '@jridgewell/resolve-uri@3.1.2':
    resolution: {integrity: sha512-bRISgCIjP20/tbWSPWMEi54QVPRZExkuD9lJL+UIxUKtwVJA8wW1Trb1jMs1RFXo1CBTNZ/5hpC9QvmKWdopKw==}
    engines: {node: '>=6.0.0'}

  '@jridgewell/sourcemap-codec@1.5.4':
    resolution: {integrity: sha512-VT2+G1VQs/9oz078bLrYbecdZKs912zQlkelYpuf+SXF+QvZDYJlbx/LSx+meSAwdDFnF8FVXW92AVjjkVmgFw==}

  '@jridgewell/trace-mapping@0.3.29':
    resolution: {integrity: sha512-uw6guiW/gcAGPDhLmd77/6lW8QLeiV5RUTsAX46Db6oLhGaVj4lhnPwb184s1bkc8kdVg/+h988dro8GRDpmYQ==}

  '@napi-rs/wasm-runtime@0.2.10':
    resolution: {integrity: sha512-bCsCyeZEwVErsGmyPNSzwfwFn4OdxBj0mmv6hOFucB/k81Ojdu68RbZdxYsRQUPc9l6SU5F/cG+bXgWs3oUgsQ==}

  '@oxc-project/runtime@0.72.3':
    resolution: {integrity: sha512-FtOS+0v7rZcnjXzYTTqv1vu/KDptD1UztFgoZkYBGe/6TcNFm+SP/jQoLvzau1SPir95WgDOBOUm2Gmsm+bQag==}
    engines: {node: '>=6.9.0'}

  '@oxc-project/types@0.72.3':
    resolution: {integrity: sha512-CfAC4wrmMkUoISpQkFAIfMVvlPfQV3xg7ZlcqPXPOIMQhdKIId44G8W0mCPgtpWdFFAyJ+SFtiM+9vbyCkoVng==}

  '@oxlint/darwin-arm64@0.16.11':
    resolution: {integrity: sha512-zjDMBVWbP/0KhzcAdlOkZaYJtoMnJEZDc2BAXqfrXQvr1JFor7vTxZUFvWKF0B1XbSNGpJPvFWmho02bjPiR3g==}
    cpu: [arm64]
    os: [darwin]

  '@oxlint/darwin-x64@0.16.11':
    resolution: {integrity: sha512-KS9Y0rs0vwvJLc9AmxI73rUWuIdJLlyAshPuSycQN+i2p8uW8r/ZBAPBB/vFyKdPaSs8j8ymPXmfN4D1yFXG9Q==}
    cpu: [x64]
    os: [darwin]

  '@oxlint/linux-arm64-gnu@0.16.11':
    resolution: {integrity: sha512-wULkYyufJz91NAjLtZyb3ycEw9w7sg0iFoGG9rHABqRtRHkFieaFT8BjjJTvUwRf2ZolQk+YZL4edE88h85QFQ==}
    cpu: [arm64]
    os: [linux]

  '@oxlint/linux-arm64-musl@0.16.11':
    resolution: {integrity: sha512-c7Evd7fCpocr2LFzHcl9eQF0BxXZauTraIiCxpKK7ddIuCnpbuPllkMpAUE9vob20mqnGy5WLHZby9v7vqSr+Q==}
    cpu: [arm64]
    os: [linux]

  '@oxlint/linux-x64-gnu@0.16.11':
    resolution: {integrity: sha512-LbjKo4seS7m6rOzw/r9H3VLvnjhuo/fFuRJ8OG6pYCbkZNtChdhk88DFN8Qr0n8Qe9PFwweIvQxXBZK7IEUu6A==}
    cpu: [x64]
    os: [linux]

  '@oxlint/linux-x64-musl@0.16.11':
    resolution: {integrity: sha512-kKuIf5hD12rtmJFSe/EGv8jXi0QWwCMDpcL2F0cRVvq6RSAxwSBF/RTEq40PJBBGAf6KJeqgV9j4glxhFn5f7w==}
    cpu: [x64]
    os: [linux]

  '@oxlint/win32-arm64@0.16.11':
    resolution: {integrity: sha512-lx9x2EEbyHW5t2aooWtXI2AWd3WzDs+4T/p3RBp/HPp9ziwL2hEdzmjMC3DgdnbmwUmUGvfquSElF6ZGC9L5pA==}
    cpu: [arm64]
    os: [win32]

  '@oxlint/win32-x64@0.16.11':
    resolution: {integrity: sha512-k/ZfoIR5V6bPoemFvMb9EJu3YkSoF2AAKhC7AfKM4tg9UfJ1Wj/9J/edTv1aRQCRTzPiWoS+W5v1SPogVE80Qg==}
    cpu: [x64]
    os: [win32]

  '@rolldown/binding-darwin-arm64@1.0.0-beta.14-commit.12b8061':
    resolution: {integrity: sha512-t39g9PM8g+BLHaABXTVNQAiOXjZQQ15C6vOcLjhfERc5v990WCVkyiV7T6cllQNnMmCvXvw2Tytxzs+3TlBdQg==}
    cpu: [arm64]
    os: [darwin]

  '@rolldown/binding-darwin-x64@1.0.0-beta.14-commit.12b8061':
    resolution: {integrity: sha512-REyI4a+7Lm6Ix3GFEZCrnf64Bu2Tp0ijyu5NNqMkQugfEZjorVW9GqKvfccYa1xIj3XA5O6CAdP0mpmzojt8BQ==}
    cpu: [x64]
    os: [darwin]

  '@rolldown/binding-freebsd-x64@1.0.0-beta.14-commit.12b8061':
    resolution: {integrity: sha512-QuKgxUPQNTnB2FlenzjX7Ppd046TxZ8c8nh+PpErUlHm38YpCeIz3AgYOplt79DEb1JgnmOBElIDfd6tUWFZog==}
    cpu: [x64]
    os: [freebsd]

  '@rolldown/binding-linux-arm-gnueabihf@1.0.0-beta.14-commit.12b8061':
    resolution: {integrity: sha512-ZxSU7u+z8zjVu6HG/MpJT9Sw+TYDJ3UUOgRo5pemP9quq7yHJTIhcvycs/Ns4hp4Ze5+EyRRcyeovF2Xg6fkdQ==}
    cpu: [arm]
    os: [linux]

  '@rolldown/binding-linux-arm64-gnu@1.0.0-beta.14-commit.12b8061':
    resolution: {integrity: sha512-xAR9O1MruImjDVbiDogxFz9CdllYvCl097+dntIWBQet/JHh14tJs5sYE10MivBRDEY7ezLC8LoLn/N9Ax1HrA==}
    cpu: [arm64]
    os: [linux]

  '@rolldown/binding-linux-arm64-musl@1.0.0-beta.14-commit.12b8061':
    resolution: {integrity: sha512-ay+hlVwOfyM2yM/Gkh7oIyUHWFwn7xzfuh6AaMpCoVK0afC0nZcNU7XXUt1urz7g7YjRHzdEzVARLFmy4EStHw==}
    cpu: [arm64]
    os: [linux]

  '@rolldown/binding-linux-x64-gnu@1.0.0-beta.14-commit.12b8061':
    resolution: {integrity: sha512-ikfWcBWa6lzLqlRaAYSyilVb/orVI2owPKIuieJVtS8S3+fsfL8dsgCWuUnrgU1O6wp8QVZEbar5Hs8xKupJLw==}
    cpu: [x64]
    os: [linux]

  '@rolldown/binding-linux-x64-musl@1.0.0-beta.14-commit.12b8061':
    resolution: {integrity: sha512-rkMC2fRGQ+79xLP/7N/kj7G5u8O5wzfeYmw0wQF4QaZezSig6x8PqG+hFzon0pta/6DtOazB7Hv/wfRX+6+YTA==}
    cpu: [x64]
    os: [linux]

  '@rolldown/binding-wasm32-wasi@1.0.0-beta.14-commit.12b8061':
    resolution: {integrity: sha512-W0n9mhjw+XT3KAbDNKSbR6RjoJv09kG0L5vGJQztMtYGR+m8D0xgDALmOrxIj8qx8QQ7XgNWE2vikKTcNR6p0g==}
    engines: {node: '>=14.21.3'}
    cpu: [wasm32]

  '@rolldown/binding-win32-arm64-msvc@1.0.0-beta.14-commit.12b8061':
    resolution: {integrity: sha512-C4zGdRlDJ9sOVBkPyP2hgz/emhiVP+aUz3BwIReGl5dIa8/MFSt0YNtPuVi5N3mBO8LCPdSx79dqZHLYQZlxsA==}
    cpu: [arm64]
    os: [win32]

  '@rolldown/binding-win32-ia32-msvc@1.0.0-beta.14-commit.12b8061':
    resolution: {integrity: sha512-rfsrzoWka7aexbpNBwhQRCyziJwdiSIkpyvTlg0Eie8xG37z+GIhhuvJnFUxtYhXJ6b/aNhhnUJzRs2zNwycpQ==}
    cpu: [ia32]
    os: [win32]

  '@rolldown/binding-win32-x64-msvc@1.0.0-beta.14-commit.12b8061':
    resolution: {integrity: sha512-9tEQzl3sQER4yssXyEyhU0dMorBYdaGCknBf4UHzpfVDsrFk0JA5k45swMqdFx5QMf9+h1GHfKaAGEZb28KArw==}
    cpu: [x64]
    os: [win32]

  '@rolldown/pluginutils@1.0.0-beta.14-commit.12b8061':
    resolution: {integrity: sha512-a20DfVsjzRAInZbhoMI0fqvi9XVrAU9CZyZsbn3k0BJAGz3MoJKUl/z5Q3TcO3svlLB3lTN2K82cLWH+O0JK3g==}

  '@tybys/wasm-util@0.9.0':
    resolution: {integrity: sha512-6+7nlbMVX/PVDCwaIQ8nTOPveOcFLSt8GcXdx8hD0bt39uWxYT88uXzqTd4fTvqta7oeUJqudepapKNt2DYJFw==}

  '@types/deno@2.3.0':
    resolution: {integrity: sha512-/4SyefQpKjwNKGkq9qG3Ln7MazfbWKvydyVFBnXzP5OQA4u1paoFtaOe1iHKycIWHHkhYag0lPxyheThV1ijzw==}

  ansis@4.0.0:
    resolution: {integrity: sha512-P8nrHI1EyW9OfBt1X7hMSwGN2vwRuqHSKJAT1gbLWZRzDa24oHjYwGHvEgHeBepupzk878yS/HBZ0NMPYtbolw==}
    engines: {node: '>=14'}

  ast-kit@2.1.1:
    resolution: {integrity: sha512-mfh6a7gKXE8pDlxTvqIc/syH/P3RkzbOF6LeHdcKztLEzYe6IMsRCL7N8vI7hqTGWNxpkCuuRTpT21xNWqhRtQ==}
    engines: {node: '>=20.18.0'}

  birpc@2.4.0:
    resolution: {integrity: sha512-5IdNxTyhXHv2UlgnPHQ0h+5ypVmkrYHzL8QT+DwFZ//2N/oNV8Ch+BCRmTJ3x6/z9Axo/cXYBc9eprsUVK/Jsg==}

  debug@4.4.1:
    resolution: {integrity: sha512-KcKCqiftBJcZr++7ykoDIEwSa3XWowTfNPo92BYxjXiyYEVrUQh2aLyhxBCwww+heortUFxEJYcRzosstTEBYQ==}
    engines: {node: '>=6.0'}
    peerDependencies:
      supports-color: '*'
    peerDependenciesMeta:
      supports-color:
        optional: true

  discord-dependless@10.0.0-alpha.6:
    resolution: {integrity: sha512-TPTv1jstSAUEe2T3OGScdd1WpD086vJwFsx4yhEKAAzt3VRtmd78xqOowwHdqu95mj1Rz4A9hhD/hzDUl8q3GQ==}

  dts-resolver@2.1.1:
    resolution: {integrity: sha512-3BiGFhB6mj5Kv+W2vdJseQUYW+SKVzAFJL6YNP6ursbrwy1fXHRotfHi3xLNxe4wZl/K8qbAFeCDjZLjzqxxRw==}
    engines: {node: '>=20.18.0'}
    peerDependencies:
      oxc-resolver: '>=11.0.0'
    peerDependenciesMeta:
      oxc-resolver:
        optional: true

  fast-xml-parser@5.2.5:
    resolution: {integrity: sha512-pfX9uG9Ki0yekDHx2SiuRIyFdyAr1kMIMitPvb0YBo8SUfKvia7w7FIyd/l6av85pFYRhZscS75MwMnbvY+hcQ==}
    hasBin: true

  get-tsconfig@4.10.1:
    resolution: {integrity: sha512-auHyJ4AgMz7vgS8Hp3N6HXSmlMdUyhSUrfBF16w153rxtLIEOE+HGqaBppczZvnHLqQJfiHotCYpNhl0lUROFQ==}

  jsesc@3.1.0:
    resolution: {integrity: sha512-/sM3dO2FOzXjKQhJuo0Q173wf2KOo8t4I8vHy6lF9poUp7bKT0/NHE8fPX23PwfhnykfqnC2xRxOnVw5XuGIaA==}
    engines: {node: '>=6'}
    hasBin: true

  ms@2.1.3:
    resolution: {integrity: sha512-6FlzubTLZG3J2a/NVCAleEhjzq5oxgHyaCU9yYXvcLsvoVaHJq/s5xXI6/XXP6tz7R9xAOtHnSO/tXtF3WRTlA==}

  oxlint@0.16.11:
    resolution: {integrity: sha512-JjeOwCeDfA9Y5vLswScJZlMyWBXEVz0LKKksgfkO3cgRV/XXvVzLzBEZ0h5bBiCBK1eS+jCFWh0bycECQkoWUQ==}
    engines: {node: '>=8.*'}
    hasBin: true

  pathe@2.0.3:
    resolution: {integrity: sha512-WUjGcAqP1gQacoQe+OBJsFA7Ld4DyXuUIjZ5cc75cLHvJ7dtNsTugphxIADwspS+AraAUePCKrSVtPLFj/F88w==}

  resolve-pkg-maps@1.0.0:
    resolution: {integrity: sha512-seS2Tj26TBVOC2NIc2rOe2y2ZO7efxITtLZcGSOnHHNOQ7CkiUBfw0Iw2ck6xkIhPwLhKNLS8BO+hEpngQlqzw==}

  rolldown-plugin-dts@0.13.13:
    resolution: {integrity: sha512-Nchx9nQoa4IpfQ/BJzodKMvtJ3H3dT322siAJSp3uvQJ+Pi1qgEjOp7hSQwGSQRhaC5gC+9hparbWEH5oiAL9Q==}
    engines: {node: '>=20.18.0'}
    peerDependencies:
      '@typescript/native-preview': '>=7.0.0-dev.20250601.1'
      rolldown: ^1.0.0-beta.9
      typescript: ^5.0.0
      vue-tsc: ~2.2.0
    peerDependenciesMeta:
      '@typescript/native-preview':
        optional: true
      typescript:
        optional: true
      vue-tsc:
        optional: true

  rolldown@1.0.0-beta.14-commit.12b8061:
    resolution: {integrity: sha512-HPrgKHb+zPwD4YluLu2wttyJCbDEwAvCb+kOltmIuG0dn48v9Xa8AuXRHHOYtA7UB2XQzKa6uEcgQVs7M711Yg==}
    hasBin: true

  strnum@2.1.1:
    resolution: {integrity: sha512-7ZvoFTiCnGxBtDqJ//Cu6fWtZtc7Y3x+QOirG15wztbdngGSkht27o2pyGWrVy0b4WAy3jbKmnoK6g5VlVNUUw==}

  tslib@2.8.1:
    resolution: {integrity: sha512-oJFu94HQb+KVduSUQL7wnpmqnfmLsOA/nAh6b6EH0wCEoK0/mPeXU6c3wKDV83MkOuHPRHtSXKKU99IBazS/2w==}

snapshots:

  '@babel/generator@7.28.0':
    dependencies:
      '@babel/parser': 7.28.0
      '@babel/types': 7.28.0
      '@jridgewell/gen-mapping': 0.3.12
      '@jridgewell/trace-mapping': 0.3.29
      jsesc: 3.1.0

  '@babel/helper-string-parser@7.27.1': {}

  '@babel/helper-validator-identifier@7.27.1': {}

  '@babel/parser@7.28.0':
    dependencies:
      '@babel/types': 7.28.0

  '@babel/types@7.28.0':
    dependencies:
      '@babel/helper-string-parser': 7.27.1
      '@babel/helper-validator-identifier': 7.27.1

  '@emnapi/core@1.4.3':
    dependencies:
      '@emnapi/wasi-threads': 1.0.2
      tslib: 2.8.1
    optional: true

  '@emnapi/runtime@1.4.3':
    dependencies:
      tslib: 2.8.1
    optional: true

  '@emnapi/wasi-threads@1.0.2':
    dependencies:
      tslib: 2.8.1
    optional: true

  '@jridgewell/gen-mapping@0.3.12':
    dependencies:
      '@jridgewell/sourcemap-codec': 1.5.4
      '@jridgewell/trace-mapping': 0.3.29

  '@jridgewell/resolve-uri@3.1.2': {}

  '@jridgewell/sourcemap-codec@1.5.4': {}

  '@jridgewell/trace-mapping@0.3.29':
    dependencies:
      '@jridgewell/resolve-uri': 3.1.2
      '@jridgewell/sourcemap-codec': 1.5.4

  '@napi-rs/wasm-runtime@0.2.10':
    dependencies:
      '@emnapi/core': 1.4.3
      '@emnapi/runtime': 1.4.3
      '@tybys/wasm-util': 0.9.0
    optional: true

  '@oxc-project/runtime@0.72.3': {}

  '@oxc-project/types@0.72.3': {}

  '@oxlint/darwin-arm64@0.16.11':
    optional: true

  '@oxlint/darwin-x64@0.16.11':
    optional: true

  '@oxlint/linux-arm64-gnu@0.16.11':
    optional: true

  '@oxlint/linux-arm64-musl@0.16.11':
    optional: true

  '@oxlint/linux-x64-gnu@0.16.11':
    optional: true

  '@oxlint/linux-x64-musl@0.16.11':
    optional: true

  '@oxlint/win32-arm64@0.16.11':
    optional: true

  '@oxlint/win32-x64@0.16.11':
    optional: true

  '@rolldown/binding-darwin-arm64@1.0.0-beta.14-commit.12b8061':
    optional: true

  '@rolldown/binding-darwin-x64@1.0.0-beta.14-commit.12b8061':
    optional: true

  '@rolldown/binding-freebsd-x64@1.0.0-beta.14-commit.12b8061':
    optional: true

  '@rolldown/binding-linux-arm-gnueabihf@1.0.0-beta.14-commit.12b8061':
    optional: true

  '@rolldown/binding-linux-arm64-gnu@1.0.0-beta.14-commit.12b8061':
    optional: true

  '@rolldown/binding-linux-arm64-musl@1.0.0-beta.14-commit.12b8061':
    optional: true

  '@rolldown/binding-linux-x64-gnu@1.0.0-beta.14-commit.12b8061':
    optional: true

  '@rolldown/binding-linux-x64-musl@1.0.0-beta.14-commit.12b8061':
    optional: true

  '@rolldown/binding-wasm32-wasi@1.0.0-beta.14-commit.12b8061':
    dependencies:
      '@napi-rs/wasm-runtime': 0.2.10
    optional: true

  '@rolldown/binding-win32-arm64-msvc@1.0.0-beta.14-commit.12b8061':
    optional: true

  '@rolldown/binding-win32-ia32-msvc@1.0.0-beta.14-commit.12b8061':
    optional: true

  '@rolldown/binding-win32-x64-msvc@1.0.0-beta.14-commit.12b8061':
    optional: true

  '@rolldown/pluginutils@1.0.0-beta.14-commit.12b8061': {}

  '@tybys/wasm-util@0.9.0':
    dependencies:
      tslib: 2.8.1
    optional: true

  '@types/deno@2.3.0': {}

  ansis@4.0.0: {}

  ast-kit@2.1.1:
    dependencies:
      '@babel/parser': 7.28.0
      pathe: 2.0.3

  birpc@2.4.0: {}

  debug@4.4.1:
    dependencies:
      ms: 2.1.3

  discord-dependless@10.0.0-alpha.6: {}

  dts-resolver@2.1.1: {}

  fast-xml-parser@5.2.5:
    dependencies:
      strnum: 2.1.1

  get-tsconfig@4.10.1:
    dependencies:
      resolve-pkg-maps: 1.0.0

  jsesc@3.1.0: {}

  ms@2.1.3: {}

  oxlint@0.16.11:
    optionalDependencies:
      '@oxlint/darwin-arm64': 0.16.11
      '@oxlint/darwin-x64': 0.16.11
      '@oxlint/linux-arm64-gnu': 0.16.11
      '@oxlint/linux-arm64-musl': 0.16.11
      '@oxlint/linux-x64-gnu': 0.16.11
      '@oxlint/linux-x64-musl': 0.16.11
      '@oxlint/win32-arm64': 0.16.11
      '@oxlint/win32-x64': 0.16.11

  pathe@2.0.3: {}

  resolve-pkg-maps@1.0.0: {}

  rolldown-plugin-dts@0.13.13(rolldown@1.0.0-beta.14-commit.12b8061):
    dependencies:
      '@babel/generator': 7.28.0
      '@babel/parser': 7.28.0
      '@babel/types': 7.28.0
      ast-kit: 2.1.1
      birpc: 2.4.0
      debug: 4.4.1
      dts-resolver: 2.1.1
      get-tsconfig: 4.10.1
      rolldown: 1.0.0-beta.14-commit.12b8061
    transitivePeerDependencies:
      - oxc-resolver
      - supports-color

  rolldown@1.0.0-beta.14-commit.12b8061:
    dependencies:
      '@oxc-project/runtime': 0.72.3
      '@oxc-project/types': 0.72.3
      '@rolldown/pluginutils': 1.0.0-beta.14-commit.12b8061
      ansis: 4.0.0
    optionalDependencies:
      '@rolldown/binding-darwin-arm64': 1.0.0-beta.14-commit.12b8061
      '@rolldown/binding-darwin-x64': 1.0.0-beta.14-commit.12b8061
      '@rolldown/binding-freebsd-x64': 1.0.0-beta.14-commit.12b8061
      '@rolldown/binding-linux-arm-gnueabihf': 1.0.0-beta.14-commit.12b8061
      '@rolldown/binding-linux-arm64-gnu': 1.0.0-beta.14-commit.12b8061
      '@rolldown/binding-linux-arm64-musl': 1.0.0-beta.14-commit.12b8061
      '@rolldown/binding-linux-x64-gnu': 1.0.0-beta.14-commit.12b8061
      '@rolldown/binding-linux-x64-musl': 1.0.0-beta.14-commit.12b8061
      '@rolldown/binding-wasm32-wasi': 1.0.0-beta.14-commit.12b8061
      '@rolldown/binding-win32-arm64-msvc': 1.0.0-beta.14-commit.12b8061
      '@rolldown/binding-win32-ia32-msvc': 1.0.0-beta.14-commit.12b8061
      '@rolldown/binding-win32-x64-msvc': 1.0.0-beta.14-commit.12b8061

  strnum@2.1.1: {}

  tslib@2.8.1:
    optional: true
